
Microsoft Visual Studio Solution File, Format Version 12.00
# Visual Studio Version 17
VisualStudioVersion = 17.0.31903.59
MinimumVisualStudioVersion = 10.0.40219.1
Project("{FAE04EC0-301F-11D3-BF4B-00C04F79EFBC}") = "RSPLS_project", "RSPLS_project\RSPLS_project.csproj", "{3944F9DF-9CFE-4C3D-88CE-BB09907FC742}"
EndProject
Global
	GlobalSection(SolutionConfigurationPlatforms) = preSolution
		Debug|Any CPU = Debug|Any CPU
		Release|Any CPU = Release|Any CPU
	EndGlobalSection
	GlobalSection(ProjectConfigurationPlatforms) = postSolution
		{3944F9DF-9CFE-4C3D-88CE-BB09907FC742}.Debug|Any CPU.ActiveCfg = Debug|Any CPU
		{3944F9DF-9CFE-4C3D-88CE-BB09907FC742}.Debug|Any CPU.Build.0 = Debug|Any CPU
		{3944F9DF-9CFE-4C3D-88CE-BB09907FC742}.Release|Any CPU.ActiveCfg = Release|Any CPU
		{3944F9DF-9CFE-4C3D-88CE-BB09907FC742}.Release|Any CPU.Build.0 = Release|Any CPU
	EndGlobalSection
	GlobalSection(SolutionProperties) = preSolution
		HideSolutionNode = FALSE
	EndGlobalSection
	GlobalSection(ExtensibilityGlobals) = postSolution
		SolutionGuid = {043F0F3F-0A49-4FB8-8AAE-6D2560AA65AA}
	EndGlobalSection
EndGlobal
